// !$*UTF8*$!
{
	archiveVersion = 1;
	classes = {
	};
	objectVersion = 50;
	objects = {

/* Begin PBXBuildFile section */
		04FA7BE5B0938DF78DD972C2 /* Pods_LastFMAPITestUITests.framework in Frameworks */ = {isa = PBXBuildFile; fileRef = A071B272A361E3669F18D5DC /* Pods_LastFMAPITestUITests.framework */; };
		06D531EEAD9BBAF22EE0529E /* Pods_LastFMAPITestTests.framework in Frameworks */ = {isa = PBXBuildFile; fileRef = 07A27340F2896F8AB192A98E /* Pods_LastFMAPITestTests.framework */; };
		7F6ED191129ADB5F6401FB76 /* Pods_LastFMAPITest.framework in Frameworks */ = {isa = PBXBuildFile; fileRef = 055A3299F760FD5D2FF73B38 /* Pods_LastFMAPITest.framework */; };
		9E5F3E5222CEB768007BAFA9 /* AppDelegate.swift in Sources */ = {isa = PBXBuildFile; fileRef = 9E5F3E5122CEB768007BAFA9 /* AppDelegate.swift */; };
		9E5F3E5922CEB76B007BAFA9 /* Assets.xcassets in Resources */ = {isa = PBXBuildFile; fileRef = 9E5F3E5822CEB76B007BAFA9 /* Assets.xcassets */; };
		9E5F3E5C22CEB76B007BAFA9 /* LaunchScreen.storyboard in Resources */ = {isa = PBXBuildFile; fileRef = 9E5F3E5A22CEB76B007BAFA9 /* LaunchScreen.storyboard */; };
		9E5F3E6722CEB76B007BAFA9 /* LastFMAPITestTests.swift in Sources */ = {isa = PBXBuildFile; fileRef = 9E5F3E6622CEB76B007BAFA9 /* LastFMAPITestTests.swift */; };
		9E5F3E7222CEB76B007BAFA9 /* LastFMAPITestUITests.swift in Sources */ = {isa = PBXBuildFile; fileRef = 9E5F3E7122CEB76B007BAFA9 /* LastFMAPITestUITests.swift */; };
		9E5F3E8022CEB97B007BAFA9 /* Application.swift in Sources */ = {isa = PBXBuildFile; fileRef = 9E5F3E7F22CEB97B007BAFA9 /* Application.swift */; };
		9E5F3E8222CEB986007BAFA9 /* Navigation.swift in Sources */ = {isa = PBXBuildFile; fileRef = 9E5F3E8122CEB986007BAFA9 /* Navigation.swift */; };
		9E5F3E9122CEBC1B007BAFA9 /* LTFMViewController.swift in Sources */ = {isa = PBXBuildFile; fileRef = 9E5F3E9022CEBC1B007BAFA9 /* LTFMViewController.swift */; };
		9E5F3E9322CEBC39007BAFA9 /* LTFMNavigationController.swift in Sources */ = {isa = PBXBuildFile; fileRef = 9E5F3E9222CEBC39007BAFA9 /* LTFMNavigationController.swift */; };
		9E5F3E9522CEBC68007BAFA9 /* LTFMViewModel.swift in Sources */ = {isa = PBXBuildFile; fileRef = 9E5F3E9422CEBC68007BAFA9 /* LTFMViewModel.swift */; };
		9E5F3E9722CEBD81007BAFA9 /* LTFMWindow.swift in Sources */ = {isa = PBXBuildFile; fileRef = 9E5F3E9622CEBD81007BAFA9 /* LTFMWindow.swift */; };
		9E5F3E9922CEBD99007BAFA9 /* LTFMCollectionView.swift in Sources */ = {isa = PBXBuildFile; fileRef = 9E5F3E9822CEBD99007BAFA9 /* LTFMCollectionView.swift */; };
		9E5F3E9B22CEBDAF007BAFA9 /* LTFMCollectionViewCell.swift in Sources */ = {isa = PBXBuildFile; fileRef = 9E5F3E9A22CEBDAF007BAFA9 /* LTFMCollectionViewCell.swift */; };
		9E5F3E9F22CEBDE4007BAFA9 /* LTFMImageView.swift in Sources */ = {isa = PBXBuildFile; fileRef = 9E5F3E9E22CEBDE4007BAFA9 /* LTFMImageView.swift */; };
		9E5F3EA122CEBE01007BAFA9 /* LTFMScrollView.swift in Sources */ = {isa = PBXBuildFile; fileRef = 9E5F3EA022CEBE01007BAFA9 /* LTFMScrollView.swift */; };
		9E5F3EA322CEBE20007BAFA9 /* LTFMView.swift in Sources */ = {isa = PBXBuildFile; fileRef = 9E5F3EA222CEBE20007BAFA9 /* LTFMView.swift */; };
		9E5F3EA522CEBE40007BAFA9 /* UIView+Constraints.swift in Sources */ = {isa = PBXBuildFile; fileRef = 9E5F3EA422CEBE40007BAFA9 /* UIView+Constraints.swift */; };
		9E5F3EA722CEBE8E007BAFA9 /* LTFMButton.swift in Sources */ = {isa = PBXBuildFile; fileRef = 9E5F3EA622CEBE8E007BAFA9 /* LTFMButton.swift */; };
		9E5F3EA922CEBEA4007BAFA9 /* LTFMHeavyLabel.swift in Sources */ = {isa = PBXBuildFile; fileRef = 9E5F3EA822CEBEA4007BAFA9 /* LTFMHeavyLabel.swift */; };
		9E5F3EAB22CEBEB3007BAFA9 /* LTFMLabel.swift in Sources */ = {isa = PBXBuildFile; fileRef = 9E5F3EAA22CEBEB3007BAFA9 /* LTFMLabel.swift */; };
		9E5F3EAD22CEBEBE007BAFA9 /* LTFMLightLabel.swift in Sources */ = {isa = PBXBuildFile; fileRef = 9E5F3EAC22CEBEBE007BAFA9 /* LTFMLightLabel.swift */; };
		9E5F3EAF22CEBF9C007BAFA9 /* AlbumListViewController.swift in Sources */ = {isa = PBXBuildFile; fileRef = 9E5F3EAE22CEBF9C007BAFA9 /* AlbumListViewController.swift */; };
		9E5F3EB122CEBFAE007BAFA9 /* AlbumListViewModel.swift in Sources */ = {isa = PBXBuildFile; fileRef = 9E5F3EB022CEBFAE007BAFA9 /* AlbumListViewModel.swift */; };
		9E5F3EB622CEC27E007BAFA9 /* LTFMService.swift in Sources */ = {isa = PBXBuildFile; fileRef = 9E5F3EB522CEC27E007BAFA9 /* LTFMService.swift */; };
		9E5F3EB822CEC333007BAFA9 /* AlbumListService.swift in Sources */ = {isa = PBXBuildFile; fileRef = 9E5F3EB722CEC333007BAFA9 /* AlbumListService.swift */; };
		9E5F3EBC22CEC492007BAFA9 /* AlamofireHTTPClient.swift in Sources */ = {isa = PBXBuildFile; fileRef = 9E5F3EBB22CEC492007BAFA9 /* AlamofireHTTPClient.swift */; };
		9E5F3EBE22CEC49E007BAFA9 /* Endpoint.swift in Sources */ = {isa = PBXBuildFile; fileRef = 9E5F3EBD22CEC49E007BAFA9 /* Endpoint.swift */; };
		9E5F3EC022CEC4B2007BAFA9 /* LastFMAPI.swift in Sources */ = {isa = PBXBuildFile; fileRef = 9E5F3EBF22CEC4B2007BAFA9 /* LastFMAPI.swift */; };
		9E5F3EC322CEC529007BAFA9 /* Album.swift in Sources */ = {isa = PBXBuildFile; fileRef = 9E5F3EC222CEC529007BAFA9 /* Album.swift */; };
		FB01B3D522CFF05200D6217C /* AppDelegateHelper.swift in Sources */ = {isa = PBXBuildFile; fileRef = FB01B3D422CFF05200D6217C /* AppDelegateHelper.swift */; };
		FB01B3DB22CFF27300D6217C /* LTFMCollectionViewLayout.swift in Sources */ = {isa = PBXBuildFile; fileRef = FB01B3DA22CFF27300D6217C /* LTFMCollectionViewLayout.swift */; };
		FB01B3DE22CFF2B100D6217C /* AlbumCollectionView.swift in Sources */ = {isa = PBXBuildFile; fileRef = FB01B3DD22CFF2B100D6217C /* AlbumCollectionView.swift */; };
		FB01B3E022CFF2D200D6217C /* AlbumCollectionViewLayout.swift in Sources */ = {isa = PBXBuildFile; fileRef = FB01B3DF22CFF2D200D6217C /* AlbumCollectionViewLayout.swift */; };
		FB01B3E222CFF32500D6217C /* AlbumCollectionViewCell.swift in Sources */ = {isa = PBXBuildFile; fileRef = FB01B3E122CFF32500D6217C /* AlbumCollectionViewCell.swift */; };
		FB01B3E522CFF35800D6217C /* AlbumsConstants.swift in Sources */ = {isa = PBXBuildFile; fileRef = FB01B3E422CFF35800D6217C /* AlbumsConstants.swift */; };
		FB01B3E722CFFA3E00D6217C /* AlbumCellViewModel.swift in Sources */ = {isa = PBXBuildFile; fileRef = FB01B3E622CFFA3E00D6217C /* AlbumCellViewModel.swift */; };
		FB01B3E922D0115000D6217C /* Artist.swift in Sources */ = {isa = PBXBuildFile; fileRef = FB01B3E822D0115000D6217C /* Artist.swift */; };
		FB01B3EB22D0115E00D6217C /* Image.swift in Sources */ = {isa = PBXBuildFile; fileRef = FB01B3EA22D0115E00D6217C /* Image.swift */; };
		FB01B3F122D01FF900D6217C /* AlbumListResponse.swift in Sources */ = {isa = PBXBuildFile; fileRef = FB01B3F022D01FF900D6217C /* AlbumListResponse.swift */; };
		FB01B3F322D0202E00D6217C /* Albums.swift in Sources */ = {isa = PBXBuildFile; fileRef = FB01B3F222D0202E00D6217C /* Albums.swift */; };
		FB0A626E22D18A2300D37371 /* wikiData.swift in Sources */ = {isa = PBXBuildFile; fileRef = FB0A626D22D18A2300D37371 /* wikiData.swift */; };
		FB0A627022D18EBA00D37371 /* LTFMViewController+ActivityIndicator.swift in Sources */ = {isa = PBXBuildFile; fileRef = FB0A626F22D18EBA00D37371 /* LTFMViewController+ActivityIndicator.swift */; };
		FB11A20222D1695600B53825 /* AlbumDetailViewController.swift in Sources */ = {isa = PBXBuildFile; fileRef = FB11A20122D1695600B53825 /* AlbumDetailViewController.swift */; };
		FB11A20422D16AC300B53825 /* AlbumDetailViewModel.swift in Sources */ = {isa = PBXBuildFile; fileRef = FB11A20322D16AC300B53825 /* AlbumDetailViewModel.swift */; };
		FB11A20622D16C9700B53825 /* AlbumDetailService.swift in Sources */ = {isa = PBXBuildFile; fileRef = FB11A20522D16C9700B53825 /* AlbumDetailService.swift */; };
		FB11A20822D16CD500B53825 /* AlbumDetailResponse.swift in Sources */ = {isa = PBXBuildFile; fileRef = FB11A20722D16CD500B53825 /* AlbumDetailResponse.swift */; };
		FB11A20A22D1862600B53825 /* AlbumDetail.swift in Sources */ = {isa = PBXBuildFile; fileRef = FB11A20922D1862600B53825 /* AlbumDetail.swift */; };
		FB11A21122D187F900B53825 /* Track.swift in Sources */ = {isa = PBXBuildFile; fileRef = FB11A20F22D187F900B53825 /* Track.swift */; };
		FB11A21222D187F900B53825 /* TracksData.swift in Sources */ = {isa = PBXBuildFile; fileRef = FB11A21022D187F900B53825 /* TracksData.swift */; };
/* End PBXBuildFile section */

/* Begin PBXContainerItemProxy section */
		9E5F3E6322CEB76B007BAFA9 /* PBXContainerItemProxy */ = {
			isa = PBXContainerItemProxy;
			containerPortal = 9E5F3E4622CEB768007BAFA9 /* Project object */;
			proxyType = 1;
			remoteGlobalIDString = 9E5F3E4D22CEB768007BAFA9;
			remoteInfo = LastFMAPITest;
		};
		9E5F3E6E22CEB76B007BAFA9 /* PBXContainerItemProxy */ = {
			isa = PBXContainerItemProxy;
			containerPortal = 9E5F3E4622CEB768007BAFA9 /* Project object */;
			proxyType = 1;
			remoteGlobalIDString = 9E5F3E4D22CEB768007BAFA9;
			remoteInfo = LastFMAPITest;
		};
/* End PBXContainerItemProxy section */

/* Begin PBXFileReference section */
		055A3299F760FD5D2FF73B38 /* Pods_LastFMAPITest.framework */ = {isa = PBXFileReference; explicitFileType = wrapper.framework; includeInIndex = 0; path = Pods_LastFMAPITest.framework; sourceTree = BUILT_PRODUCTS_DIR; };
		07A27340F2896F8AB192A98E /* Pods_LastFMAPITestTests.framework */ = {isa = PBXFileReference; explicitFileType = wrapper.framework; includeInIndex = 0; path = Pods_LastFMAPITestTests.framework; sourceTree = BUILT_PRODUCTS_DIR; };
		148D38CFD7876400DDDECE88 /* Pods-LastFMAPITestTests.release.xcconfig */ = {isa = PBXFileReference; includeInIndex = 1; lastKnownFileType = text.xcconfig; name = "Pods-LastFMAPITestTests.release.xcconfig"; path = "Target Support Files/Pods-LastFMAPITestTests/Pods-LastFMAPITestTests.release.xcconfig"; sourceTree = "<group>"; };
		25BE64D62A9D86943AB01C5C /* Pods-LastFMAPITestUITests.release.xcconfig */ = {isa = PBXFileReference; includeInIndex = 1; lastKnownFileType = text.xcconfig; name = "Pods-LastFMAPITestUITests.release.xcconfig"; path = "Target Support Files/Pods-LastFMAPITestUITests/Pods-LastFMAPITestUITests.release.xcconfig"; sourceTree = "<group>"; };
		9E5F3E4E22CEB768007BAFA9 /* LastFMAPITest.app */ = {isa = PBXFileReference; explicitFileType = wrapper.application; includeInIndex = 0; path = LastFMAPITest.app; sourceTree = BUILT_PRODUCTS_DIR; };
		9E5F3E5122CEB768007BAFA9 /* AppDelegate.swift */ = {isa = PBXFileReference; lastKnownFileType = sourcecode.swift; path = AppDelegate.swift; sourceTree = "<group>"; };
		9E5F3E5822CEB76B007BAFA9 /* Assets.xcassets */ = {isa = PBXFileReference; lastKnownFileType = folder.assetcatalog; path = Assets.xcassets; sourceTree = "<group>"; };
		9E5F3E5B22CEB76B007BAFA9 /* Base */ = {isa = PBXFileReference; lastKnownFileType = file.storyboard; name = Base; path = Base.lproj/LaunchScreen.storyboard; sourceTree = "<group>"; };
		9E5F3E5D22CEB76B007BAFA9 /* Info.plist */ = {isa = PBXFileReference; lastKnownFileType = text.plist.xml; path = Info.plist; sourceTree = "<group>"; };
		9E5F3E6222CEB76B007BAFA9 /* LastFMAPITestTests.xctest */ = {isa = PBXFileReference; explicitFileType = wrapper.cfbundle; includeInIndex = 0; path = LastFMAPITestTests.xctest; sourceTree = BUILT_PRODUCTS_DIR; };
		9E5F3E6622CEB76B007BAFA9 /* LastFMAPITestTests.swift */ = {isa = PBXFileReference; lastKnownFileType = sourcecode.swift; path = LastFMAPITestTests.swift; sourceTree = "<group>"; };
		9E5F3E6822CEB76B007BAFA9 /* Info.plist */ = {isa = PBXFileReference; lastKnownFileType = text.plist.xml; path = Info.plist; sourceTree = "<group>"; };
		9E5F3E6D22CEB76B007BAFA9 /* LastFMAPITestUITests.xctest */ = {isa = PBXFileReference; explicitFileType = wrapper.cfbundle; includeInIndex = 0; path = LastFMAPITestUITests.xctest; sourceTree = BUILT_PRODUCTS_DIR; };
		9E5F3E7122CEB76B007BAFA9 /* LastFMAPITestUITests.swift */ = {isa = PBXFileReference; lastKnownFileType = sourcecode.swift; path = LastFMAPITestUITests.swift; sourceTree = "<group>"; };
		9E5F3E7322CEB76B007BAFA9 /* Info.plist */ = {isa = PBXFileReference; lastKnownFileType = text.plist.xml; path = Info.plist; sourceTree = "<group>"; };
		9E5F3E7F22CEB97B007BAFA9 /* Application.swift */ = {isa = PBXFileReference; lastKnownFileType = sourcecode.swift; path = Application.swift; sourceTree = "<group>"; };
		9E5F3E8122CEB986007BAFA9 /* Navigation.swift */ = {isa = PBXFileReference; lastKnownFileType = sourcecode.swift; path = Navigation.swift; sourceTree = "<group>"; };
		9E5F3E9022CEBC1B007BAFA9 /* LTFMViewController.swift */ = {isa = PBXFileReference; lastKnownFileType = sourcecode.swift; path = LTFMViewController.swift; sourceTree = "<group>"; };
		9E5F3E9222CEBC39007BAFA9 /* LTFMNavigationController.swift */ = {isa = PBXFileReference; lastKnownFileType = sourcecode.swift; path = LTFMNavigationController.swift; sourceTree = "<group>"; };
		9E5F3E9422CEBC68007BAFA9 /* LTFMViewModel.swift */ = {isa = PBXFileReference; lastKnownFileType = sourcecode.swift; path = LTFMViewModel.swift; sourceTree = "<group>"; };
		9E5F3E9622CEBD81007BAFA9 /* LTFMWindow.swift */ = {isa = PBXFileReference; lastKnownFileType = sourcecode.swift; path = LTFMWindow.swift; sourceTree = "<group>"; };
		9E5F3E9822CEBD99007BAFA9 /* LTFMCollectionView.swift */ = {isa = PBXFileReference; lastKnownFileType = sourcecode.swift; path = LTFMCollectionView.swift; sourceTree = "<group>"; };
		9E5F3E9A22CEBDAF007BAFA9 /* LTFMCollectionViewCell.swift */ = {isa = PBXFileReference; lastKnownFileType = sourcecode.swift; path = LTFMCollectionViewCell.swift; sourceTree = "<group>"; };
		9E5F3E9E22CEBDE4007BAFA9 /* LTFMImageView.swift */ = {isa = PBXFileReference; lastKnownFileType = sourcecode.swift; path = LTFMImageView.swift; sourceTree = "<group>"; };
		9E5F3EA022CEBE01007BAFA9 /* LTFMScrollView.swift */ = {isa = PBXFileReference; lastKnownFileType = sourcecode.swift; path = LTFMScrollView.swift; sourceTree = "<group>"; };
		9E5F3EA222CEBE20007BAFA9 /* LTFMView.swift */ = {isa = PBXFileReference; lastKnownFileType = sourcecode.swift; path = LTFMView.swift; sourceTree = "<group>"; };
		9E5F3EA422CEBE40007BAFA9 /* UIView+Constraints.swift */ = {isa = PBXFileReference; lastKnownFileType = sourcecode.swift; path = "UIView+Constraints.swift"; sourceTree = "<group>"; };
		9E5F3EA622CEBE8E007BAFA9 /* LTFMButton.swift */ = {isa = PBXFileReference; lastKnownFileType = sourcecode.swift; path = LTFMButton.swift; sourceTree = "<group>"; };
		9E5F3EA822CEBEA4007BAFA9 /* LTFMHeavyLabel.swift */ = {isa = PBXFileReference; lastKnownFileType = sourcecode.swift; path = LTFMHeavyLabel.swift; sourceTree = "<group>"; };
		9E5F3EAA22CEBEB3007BAFA9 /* LTFMLabel.swift */ = {isa = PBXFileReference; lastKnownFileType = sourcecode.swift; path = LTFMLabel.swift; sourceTree = "<group>"; };
		9E5F3EAC22CEBEBE007BAFA9 /* LTFMLightLabel.swift */ = {isa = PBXFileReference; lastKnownFileType = sourcecode.swift; path = LTFMLightLabel.swift; sourceTree = "<group>"; };
		9E5F3EAE22CEBF9C007BAFA9 /* AlbumListViewController.swift */ = {isa = PBXFileReference; lastKnownFileType = sourcecode.swift; path = AlbumListViewController.swift; sourceTree = "<group>"; };
		9E5F3EB022CEBFAE007BAFA9 /* AlbumListViewModel.swift */ = {isa = PBXFileReference; lastKnownFileType = sourcecode.swift; path = AlbumListViewModel.swift; sourceTree = "<group>"; };
		9E5F3EB522CEC27E007BAFA9 /* LTFMService.swift */ = {isa = PBXFileReference; lastKnownFileType = sourcecode.swift; path = LTFMService.swift; sourceTree = "<group>"; };
		9E5F3EB722CEC333007BAFA9 /* AlbumListService.swift */ = {isa = PBXFileReference; lastKnownFileType = sourcecode.swift; path = AlbumListService.swift; sourceTree = "<group>"; };
		9E5F3EBB22CEC492007BAFA9 /* AlamofireHTTPClient.swift */ = {isa = PBXFileReference; lastKnownFileType = sourcecode.swift; path = AlamofireHTTPClient.swift; sourceTree = "<group>"; };
		9E5F3EBD22CEC49E007BAFA9 /* Endpoint.swift */ = {isa = PBXFileReference; lastKnownFileType = sourcecode.swift; path = Endpoint.swift; sourceTree = "<group>"; };
		9E5F3EBF22CEC4B2007BAFA9 /* LastFMAPI.swift */ = {isa = PBXFileReference; lastKnownFileType = sourcecode.swift; path = LastFMAPI.swift; sourceTree = "<group>"; };
		9E5F3EC222CEC529007BAFA9 /* Album.swift */ = {isa = PBXFileReference; lastKnownFileType = sourcecode.swift; path = Album.swift; sourceTree = "<group>"; };
		A071B272A361E3669F18D5DC /* Pods_LastFMAPITestUITests.framework */ = {isa = PBXFileReference; explicitFileType = wrapper.framework; includeInIndex = 0; path = Pods_LastFMAPITestUITests.framework; sourceTree = BUILT_PRODUCTS_DIR; };
		BCAF378B24DB7A7FD25BA1A4 /* Pods-LastFMAPITestUITests.debug.xcconfig */ = {isa = PBXFileReference; includeInIndex = 1; lastKnownFileType = text.xcconfig; name = "Pods-LastFMAPITestUITests.debug.xcconfig"; path = "Target Support Files/Pods-LastFMAPITestUITests/Pods-LastFMAPITestUITests.debug.xcconfig"; sourceTree = "<group>"; };
		D293E1C97A658EA4F55799D6 /* Pods-LastFMAPITest.release.xcconfig */ = {isa = PBXFileReference; includeInIndex = 1; lastKnownFileType = text.xcconfig; name = "Pods-LastFMAPITest.release.xcconfig"; path = "Target Support Files/Pods-LastFMAPITest/Pods-LastFMAPITest.release.xcconfig"; sourceTree = "<group>"; };
		D7718F8934E8011618228C9C /* Pods-LastFMAPITestTests.debug.xcconfig */ = {isa = PBXFileReference; includeInIndex = 1; lastKnownFileType = text.xcconfig; name = "Pods-LastFMAPITestTests.debug.xcconfig"; path = "Target Support Files/Pods-LastFMAPITestTests/Pods-LastFMAPITestTests.debug.xcconfig"; sourceTree = "<group>"; };
		F56681D6B5323C37E86D00E5 /* Pods-LastFMAPITest.debug.xcconfig */ = {isa = PBXFileReference; includeInIndex = 1; lastKnownFileType = text.xcconfig; name = "Pods-LastFMAPITest.debug.xcconfig"; path = "Target Support Files/Pods-LastFMAPITest/Pods-LastFMAPITest.debug.xcconfig"; sourceTree = "<group>"; };
		FB01B3D422CFF05200D6217C /* AppDelegateHelper.swift */ = {isa = PBXFileReference; lastKnownFileType = sourcecode.swift; path = AppDelegateHelper.swift; sourceTree = "<group>"; };
		FB01B3DA22CFF27300D6217C /* LTFMCollectionViewLayout.swift */ = {isa = PBXFileReference; lastKnownFileType = sourcecode.swift; path = LTFMCollectionViewLayout.swift; sourceTree = "<group>"; };
		FB01B3DD22CFF2B100D6217C /* AlbumCollectionView.swift */ = {isa = PBXFileReference; lastKnownFileType = sourcecode.swift; path = AlbumCollectionView.swift; sourceTree = "<group>"; };
		FB01B3DF22CFF2D200D6217C /* AlbumCollectionViewLayout.swift */ = {isa = PBXFileReference; lastKnownFileType = sourcecode.swift; path = AlbumCollectionViewLayout.swift; sourceTree = "<group>"; };
		FB01B3E122CFF32500D6217C /* AlbumCollectionViewCell.swift */ = {isa = PBXFileReference; lastKnownFileType = sourcecode.swift; path = AlbumCollectionViewCell.swift; sourceTree = "<group>"; };
		FB01B3E422CFF35800D6217C /* AlbumsConstants.swift */ = {isa = PBXFileReference; lastKnownFileType = sourcecode.swift; path = AlbumsConstants.swift; sourceTree = "<group>"; };
		FB01B3E622CFFA3E00D6217C /* AlbumCellViewModel.swift */ = {isa = PBXFileReference; lastKnownFileType = sourcecode.swift; path = AlbumCellViewModel.swift; sourceTree = "<group>"; };
		FB01B3E822D0115000D6217C /* Artist.swift */ = {isa = PBXFileReference; lastKnownFileType = sourcecode.swift; path = Artist.swift; sourceTree = "<group>"; };
		FB01B3EA22D0115E00D6217C /* Image.swift */ = {isa = PBXFileReference; lastKnownFileType = sourcecode.swift; path = Image.swift; sourceTree = "<group>"; };
		FB01B3F022D01FF900D6217C /* AlbumListResponse.swift */ = {isa = PBXFileReference; lastKnownFileType = sourcecode.swift; path = AlbumListResponse.swift; sourceTree = "<group>"; };
		FB01B3F222D0202E00D6217C /* Albums.swift */ = {isa = PBXFileReference; lastKnownFileType = sourcecode.swift; path = Albums.swift; sourceTree = "<group>"; };
		FB0A626D22D18A2300D37371 /* wikiData.swift */ = {isa = PBXFileReference; lastKnownFileType = sourcecode.swift; path = wikiData.swift; sourceTree = "<group>"; };
		FB0A626F22D18EBA00D37371 /* LTFMViewController+ActivityIndicator.swift */ = {isa = PBXFileReference; lastKnownFileType = sourcecode.swift; path = "LTFMViewController+ActivityIndicator.swift"; sourceTree = "<group>"; };
		FB11A20122D1695600B53825 /* AlbumDetailViewController.swift */ = {isa = PBXFileReference; lastKnownFileType = sourcecode.swift; path = AlbumDetailViewController.swift; sourceTree = "<group>"; };
		FB11A20322D16AC300B53825 /* AlbumDetailViewModel.swift */ = {isa = PBXFileReference; lastKnownFileType = sourcecode.swift; name = AlbumDetailViewModel.swift; path = ../../../../AlbumDetailViewModel.swift; sourceTree = "<group>"; };
		FB11A20522D16C9700B53825 /* AlbumDetailService.swift */ = {isa = PBXFileReference; lastKnownFileType = sourcecode.swift; path = AlbumDetailService.swift; sourceTree = "<group>"; };
		FB11A20722D16CD500B53825 /* AlbumDetailResponse.swift */ = {isa = PBXFileReference; lastKnownFileType = sourcecode.swift; path = AlbumDetailResponse.swift; sourceTree = "<group>"; };
		FB11A20922D1862600B53825 /* AlbumDetail.swift */ = {isa = PBXFileReference; lastKnownFileType = sourcecode.swift; path = AlbumDetail.swift; sourceTree = "<group>"; };
		FB11A20F22D187F900B53825 /* Track.swift */ = {isa = PBXFileReference; fileEncoding = 4; lastKnownFileType = sourcecode.swift; path = Track.swift; sourceTree = "<group>"; };
		FB11A21022D187F900B53825 /* TracksData.swift */ = {isa = PBXFileReference; fileEncoding = 4; lastKnownFileType = sourcecode.swift; path = TracksData.swift; sourceTree = "<group>"; };
/* End PBXFileReference section */

/* Begin PBXFrameworksBuildPhase section */
		9E5F3E4B22CEB768007BAFA9 /* Frameworks */ = {
			isa = PBXFrameworksBuildPhase;
			buildActionMask = 2147483647;
			files = (
				7F6ED191129ADB5F6401FB76 /* Pods_LastFMAPITest.framework in Frameworks */,
			);
			runOnlyForDeploymentPostprocessing = 0;
		};
		9E5F3E5F22CEB76B007BAFA9 /* Frameworks */ = {
			isa = PBXFrameworksBuildPhase;
			buildActionMask = 2147483647;
			files = (
				06D531EEAD9BBAF22EE0529E /* Pods_LastFMAPITestTests.framework in Frameworks */,
			);
			runOnlyForDeploymentPostprocessing = 0;
		};
		9E5F3E6A22CEB76B007BAFA9 /* Frameworks */ = {
			isa = PBXFrameworksBuildPhase;
			buildActionMask = 2147483647;
			files = (
				04FA7BE5B0938DF78DD972C2 /* Pods_LastFMAPITestUITests.framework in Frameworks */,
			);
			runOnlyForDeploymentPostprocessing = 0;
		};
/* End PBXFrameworksBuildPhase section */

/* Begin PBXGroup section */
		9E41AFB30443C2EE3DCF27A9 /* Frameworks */ = {
			isa = PBXGroup;
			children = (
				055A3299F760FD5D2FF73B38 /* Pods_LastFMAPITest.framework */,
				07A27340F2896F8AB192A98E /* Pods_LastFMAPITestTests.framework */,
				A071B272A361E3669F18D5DC /* Pods_LastFMAPITestUITests.framework */,
			);
			name = Frameworks;
			sourceTree = "<group>";
		};
		9E5F3E4522CEB768007BAFA9 = {
			isa = PBXGroup;
			children = (
				9E5F3E5022CEB768007BAFA9 /* LastFMAPITest */,
				9E5F3E6522CEB76B007BAFA9 /* LastFMAPITestTests */,
				9E5F3E7022CEB76B007BAFA9 /* LastFMAPITestUITests */,
				9E5F3E4F22CEB768007BAFA9 /* Products */,
				EF6EAFD75186AD5469FD3038 /* Pods */,
				9E41AFB30443C2EE3DCF27A9 /* Frameworks */,
			);
			sourceTree = "<group>";
		};
		9E5F3E4F22CEB768007BAFA9 /* Products */ = {
			isa = PBXGroup;
			children = (
				9E5F3E4E22CEB768007BAFA9 /* LastFMAPITest.app */,
				9E5F3E6222CEB76B007BAFA9 /* LastFMAPITestTests.xctest */,
				9E5F3E6D22CEB76B007BAFA9 /* LastFMAPITestUITests.xctest */,
			);
			name = Products;
			sourceTree = "<group>";
		};
		9E5F3E5022CEB768007BAFA9 /* LastFMAPITest */ = {
			isa = PBXGroup;
			children = (
				9E5F3E8322CEBB41007BAFA9 /* Common */,
				9E5F3E8422CEBB46007BAFA9 /* Infrastructure */,
				9E5F3E8522CEBB50007BAFA9 /* Presentation */,
				9E5F3E8622CEBB56007BAFA9 /* Screens */,
				9E5F3E5122CEB768007BAFA9 /* AppDelegate.swift */,
				9E5F3E7F22CEB97B007BAFA9 /* Application.swift */,
				9E5F3E8122CEB986007BAFA9 /* Navigation.swift */,
				9E5F3E5822CEB76B007BAFA9 /* Assets.xcassets */,
				9E5F3E5A22CEB76B007BAFA9 /* LaunchScreen.storyboard */,
				9E5F3E5D22CEB76B007BAFA9 /* Info.plist */,
			);
			path = LastFMAPITest;
			sourceTree = "<group>";
		};
		9E5F3E6522CEB76B007BAFA9 /* LastFMAPITestTests */ = {
			isa = PBXGroup;
			children = (
				9E5F3E6622CEB76B007BAFA9 /* LastFMAPITestTests.swift */,
				9E5F3E6822CEB76B007BAFA9 /* Info.plist */,
			);
			path = LastFMAPITestTests;
			sourceTree = "<group>";
		};
		9E5F3E7022CEB76B007BAFA9 /* LastFMAPITestUITests */ = {
			isa = PBXGroup;
			children = (
				9E5F3E7122CEB76B007BAFA9 /* LastFMAPITestUITests.swift */,
				9E5F3E7322CEB76B007BAFA9 /* Info.plist */,
			);
			path = LastFMAPITestUITests;
			sourceTree = "<group>";
		};
		9E5F3E8322CEBB41007BAFA9 /* Common */ = {
			isa = PBXGroup;
			children = (
				FB01B3D322CFF03C00D6217C /* Helpers */,
				9E5F3EC122CEC514007BAFA9 /* Models */,
			);
			path = Common;
			sourceTree = "<group>";
		};
		9E5F3E8422CEBB46007BAFA9 /* Infrastructure */ = {
			isa = PBXGroup;
			children = (
				9E5F3EB222CEC222007BAFA9 /* Networking */,
			);
			path = Infrastructure;
			sourceTree = "<group>";
		};
		9E5F3E8522CEBB50007BAFA9 /* Presentation */ = {
			isa = PBXGroup;
			children = (
				9E5F3E8E22CEBBEF007BAFA9 /* Controls */,
				9E5F3E8F22CEBBF4007BAFA9 /* Extensions */,
				9E5F3E8B22CEBBD2007BAFA9 /* ViewControllers */,
				9E5F3E8C22CEBBDE007BAFA9 /* ViewModels */,
				9E5F3E8D22CEBBE9007BAFA9 /* Views */,
			);
			path = Presentation;
			sourceTree = "<group>";
		};
		9E5F3E8622CEBB56007BAFA9 /* Screens */ = {
			isa = PBXGroup;
			children = (
				9E5F3E8722CEBB89007BAFA9 /* Albums */,
			);
			path = Screens;
			sourceTree = "<group>";
		};
		9E5F3E8722CEBB89007BAFA9 /* Albums */ = {
			isa = PBXGroup;
			children = (
				FB01B3E322CFF33C00D6217C /* Constants */,
				9E5F3E8922CEBBAE007BAFA9 /* Services */,
				9E5F3E8822CEBB9E007BAFA9 /* ViewControllers */,
				9E5F3E8A22CEBBB3007BAFA9 /* ViewModels */,
				FB01B3DC22CFF28100D6217C /* Views */,
			);
			path = Albums;
			sourceTree = "<group>";
		};
		9E5F3E8822CEBB9E007BAFA9 /* ViewControllers */ = {
			isa = PBXGroup;
			children = (
				9E5F3EAE22CEBF9C007BAFA9 /* AlbumListViewController.swift */,
				FB11A20122D1695600B53825 /* AlbumDetailViewController.swift */,
			);
			path = ViewControllers;
			sourceTree = "<group>";
		};
		9E5F3E8922CEBBAE007BAFA9 /* Services */ = {
			isa = PBXGroup;
			children = (
				9E5F3EB722CEC333007BAFA9 /* AlbumListService.swift */,
				FB11A20522D16C9700B53825 /* AlbumDetailService.swift */,
			);
			path = Services;
			sourceTree = "<group>";
		};
		9E5F3E8A22CEBBB3007BAFA9 /* ViewModels */ = {
			isa = PBXGroup;
			children = (
				FB01B3E622CFFA3E00D6217C /* AlbumCellViewModel.swift */,
				FB11A20322D16AC300B53825 /* AlbumDetailViewModel.swift */,
				9E5F3EB022CEBFAE007BAFA9 /* AlbumListViewModel.swift */,
			);
			path = ViewModels;
			sourceTree = "<group>";
		};
		9E5F3E8B22CEBBD2007BAFA9 /* ViewControllers */ = {
			isa = PBXGroup;
			children = (
				9E5F3E9222CEBC39007BAFA9 /* LTFMNavigationController.swift */,
				9E5F3E9022CEBC1B007BAFA9 /* LTFMViewController.swift */,
			);
			path = ViewControllers;
			sourceTree = "<group>";
		};
		9E5F3E8C22CEBBDE007BAFA9 /* ViewModels */ = {
			isa = PBXGroup;
			children = (
				9E5F3E9422CEBC68007BAFA9 /* LTFMViewModel.swift */,
			);
			path = ViewModels;
			sourceTree = "<group>";
		};
		9E5F3E8D22CEBBE9007BAFA9 /* Views */ = {
			isa = PBXGroup;
			children = (
				9E5F3E9822CEBD99007BAFA9 /* LTFMCollectionView.swift */,
				9E5F3E9A22CEBDAF007BAFA9 /* LTFMCollectionViewCell.swift */,
				FB01B3DA22CFF27300D6217C /* LTFMCollectionViewLayout.swift */,
				9E5F3E9E22CEBDE4007BAFA9 /* LTFMImageView.swift */,
				9E5F3EA022CEBE01007BAFA9 /* LTFMScrollView.swift */,
				9E5F3EA222CEBE20007BAFA9 /* LTFMView.swift */,
				9E5F3E9622CEBD81007BAFA9 /* LTFMWindow.swift */,
			);
			path = Views;
			sourceTree = "<group>";
		};
		9E5F3E8E22CEBBEF007BAFA9 /* Controls */ = {
			isa = PBXGroup;
			children = (
				9E5F3EA622CEBE8E007BAFA9 /* LTFMButton.swift */,
				9E5F3EA822CEBEA4007BAFA9 /* LTFMHeavyLabel.swift */,
				9E5F3EAA22CEBEB3007BAFA9 /* LTFMLabel.swift */,
				9E5F3EAC22CEBEBE007BAFA9 /* LTFMLightLabel.swift */,
			);
			path = Controls;
			sourceTree = "<group>";
		};
		9E5F3E8F22CEBBF4007BAFA9 /* Extensions */ = {
			isa = PBXGroup;
			children = (
				9E5F3EA422CEBE40007BAFA9 /* UIView+Constraints.swift */,
				FB0A626F22D18EBA00D37371 /* LTFMViewController+ActivityIndicator.swift */,
			);
			path = Extensions;
			sourceTree = "<group>";
		};
		9E5F3EB222CEC222007BAFA9 /* Networking */ = {
			isa = PBXGroup;
			children = (
				9E5F3EB422CEC267007BAFA9 /* Alamofire+RxSwift */,
				9E5F3EB322CEC25D007BAFA9 /* Service */,
			);
			path = Networking;
			sourceTree = "<group>";
		};
		9E5F3EB322CEC25D007BAFA9 /* Service */ = {
			isa = PBXGroup;
			children = (
				9E5F3EB522CEC27E007BAFA9 /* LTFMService.swift */,
			);
			path = Service;
			sourceTree = "<group>";
		};
		9E5F3EB422CEC267007BAFA9 /* Alamofire+RxSwift */ = {
			isa = PBXGroup;
			children = (
				9E5F3EBA22CEC475007BAFA9 /* HTTPClient */,
				9E5F3EB922CEC46E007BAFA9 /* Models */,
			);
			path = "Alamofire+RxSwift";
			sourceTree = "<group>";
		};
		9E5F3EB922CEC46E007BAFA9 /* Models */ = {
			isa = PBXGroup;
			children = (
				9E5F3EBD22CEC49E007BAFA9 /* Endpoint.swift */,
				9E5F3EBF22CEC4B2007BAFA9 /* LastFMAPI.swift */,
			);
			path = Models;
			sourceTree = "<group>";
		};
		9E5F3EBA22CEC475007BAFA9 /* HTTPClient */ = {
			isa = PBXGroup;
			children = (
				9E5F3EBB22CEC492007BAFA9 /* AlamofireHTTPClient.swift */,
			);
			path = HTTPClient;
			sourceTree = "<group>";
		};
		9E5F3EC122CEC514007BAFA9 /* Models */ = {
			isa = PBXGroup;
			children = (
				9E5F3EC222CEC529007BAFA9 /* Album.swift */,
				FB01B3E822D0115000D6217C /* Artist.swift */,
				FB01B3EA22D0115E00D6217C /* Image.swift */,
				FB01B3F022D01FF900D6217C /* AlbumListResponse.swift */,
				FB01B3F222D0202E00D6217C /* Albums.swift */,
				FB11A20722D16CD500B53825 /* AlbumDetailResponse.swift */,
				FB11A20922D1862600B53825 /* AlbumDetail.swift */,
				FB11A20F22D187F900B53825 /* Track.swift */,
				FB11A21022D187F900B53825 /* TracksData.swift */,
				FB0A626D22D18A2300D37371 /* wikiData.swift */,
			);
			path = Models;
			sourceTree = "<group>";
		};
		EF6EAFD75186AD5469FD3038 /* Pods */ = {
			isa = PBXGroup;
			children = (
				F56681D6B5323C37E86D00E5 /* Pods-LastFMAPITest.debug.xcconfig */,
				D293E1C97A658EA4F55799D6 /* Pods-LastFMAPITest.release.xcconfig */,
				D7718F8934E8011618228C9C /* Pods-LastFMAPITestTests.debug.xcconfig */,
				148D38CFD7876400DDDECE88 /* Pods-LastFMAPITestTests.release.xcconfig */,
				BCAF378B24DB7A7FD25BA1A4 /* Pods-LastFMAPITestUITests.debug.xcconfig */,
				25BE64D62A9D86943AB01C5C /* Pods-LastFMAPITestUITests.release.xcconfig */,
			);
			path = Pods;
			sourceTree = "<group>";
		};
		FB01B3D322CFF03C00D6217C /* Helpers */ = {
			isa = PBXGroup;
			children = (
				FB01B3D422CFF05200D6217C /* AppDelegateHelper.swift */,
			);
			path = Helpers;
			sourceTree = "<group>";
		};
		FB01B3DC22CFF28100D6217C /* Views */ = {
			isa = PBXGroup;
			children = (
				FB01B3DD22CFF2B100D6217C /* AlbumCollectionView.swift */,
				FB01B3E122CFF32500D6217C /* AlbumCollectionViewCell.swift */,
				FB01B3DF22CFF2D200D6217C /* AlbumCollectionViewLayout.swift */,
			);
			path = Views;
			sourceTree = "<group>";
		};
		FB01B3E322CFF33C00D6217C /* Constants */ = {
			isa = PBXGroup;
			children = (
				FB01B3E422CFF35800D6217C /* AlbumsConstants.swift */,
			);
			path = Constants;
			sourceTree = "<group>";
		};
/* End PBXGroup section */

/* Begin PBXNativeTarget section */
		9E5F3E4D22CEB768007BAFA9 /* LastFMAPITest */ = {
			isa = PBXNativeTarget;
			buildConfigurationList = 9E5F3E7622CEB76B007BAFA9 /* Build configuration list for PBXNativeTarget "LastFMAPITest" */;
			buildPhases = (
				E8F6F3D4FE2D882D650C8EFC /* [CP] Check Pods Manifest.lock */,
				9E5F3E4A22CEB768007BAFA9 /* Sources */,
				9E5F3E4B22CEB768007BAFA9 /* Frameworks */,
				9E5F3E4C22CEB768007BAFA9 /* Resources */,
				112D3D09ADC0AA3ABDA72460 /* [CP] Embed Pods Frameworks */,
			);
			buildRules = (
			);
			dependencies = (
			);
			name = LastFMAPITest;
			productName = LastFMAPITest;
			productReference = 9E5F3E4E22CEB768007BAFA9 /* LastFMAPITest.app */;
			productType = "com.apple.product-type.application";
		};
		9E5F3E6122CEB76B007BAFA9 /* LastFMAPITestTests */ = {
			isa = PBXNativeTarget;
			buildConfigurationList = 9E5F3E7922CEB76B007BAFA9 /* Build configuration list for PBXNativeTarget "LastFMAPITestTests" */;
			buildPhases = (
				A15C5F3974591C6CBCF074F1 /* [CP] Check Pods Manifest.lock */,
				9E5F3E5E22CEB76B007BAFA9 /* Sources */,
				9E5F3E5F22CEB76B007BAFA9 /* Frameworks */,
				9E5F3E6022CEB76B007BAFA9 /* Resources */,
			);
			buildRules = (
			);
			dependencies = (
				9E5F3E6422CEB76B007BAFA9 /* PBXTargetDependency */,
			);
			name = LastFMAPITestTests;
			productName = LastFMAPITestTests;
			productReference = 9E5F3E6222CEB76B007BAFA9 /* LastFMAPITestTests.xctest */;
			productType = "com.apple.product-type.bundle.unit-test";
		};
		9E5F3E6C22CEB76B007BAFA9 /* LastFMAPITestUITests */ = {
			isa = PBXNativeTarget;
			buildConfigurationList = 9E5F3E7C22CEB76B007BAFA9 /* Build configuration list for PBXNativeTarget "LastFMAPITestUITests" */;
			buildPhases = (
				0CF399281D74DFA4A200FFAF /* [CP] Check Pods Manifest.lock */,
				9E5F3E6922CEB76B007BAFA9 /* Sources */,
				9E5F3E6A22CEB76B007BAFA9 /* Frameworks */,
				9E5F3E6B22CEB76B007BAFA9 /* Resources */,
			);
			buildRules = (
			);
			dependencies = (
				9E5F3E6F22CEB76B007BAFA9 /* PBXTargetDependency */,
			);
			name = LastFMAPITestUITests;
			productName = LastFMAPITestUITests;
			productReference = 9E5F3E6D22CEB76B007BAFA9 /* LastFMAPITestUITests.xctest */;
			productType = "com.apple.product-type.bundle.ui-testing";
		};
/* End PBXNativeTarget section */

/* Begin PBXProject section */
		9E5F3E4622CEB768007BAFA9 /* Project object */ = {
			isa = PBXProject;
			attributes = {
				LastSwiftUpdateCheck = 1020;
				LastUpgradeCheck = 1020;
				ORGANIZATIONNAME = "Ozgun Zor";
				TargetAttributes = {
					9E5F3E4D22CEB768007BAFA9 = {
						CreatedOnToolsVersion = 10.2.1;
					};
					9E5F3E6122CEB76B007BAFA9 = {
						CreatedOnToolsVersion = 10.2.1;
						TestTargetID = 9E5F3E4D22CEB768007BAFA9;
					};
					9E5F3E6C22CEB76B007BAFA9 = {
						CreatedOnToolsVersion = 10.2.1;
						TestTargetID = 9E5F3E4D22CEB768007BAFA9;
					};
				};
			};
			buildConfigurationList = 9E5F3E4922CEB768007BAFA9 /* Build configuration list for PBXProject "LastFMAPITest" */;
			compatibilityVersion = "Xcode 9.3";
			developmentRegion = en;
			hasScannedForEncodings = 0;
			knownRegions = (
				en,
				Base,
			);
			mainGroup = 9E5F3E4522CEB768007BAFA9;
			productRefGroup = 9E5F3E4F22CEB768007BAFA9 /* Products */;
			projectDirPath = "";
			projectRoot = "";
			targets = (
				9E5F3E4D22CEB768007BAFA9 /* LastFMAPITest */,
				9E5F3E6122CEB76B007BAFA9 /* LastFMAPITestTests */,
				9E5F3E6C22CEB76B007BAFA9 /* LastFMAPITestUITests */,
			);
		};
/* End PBXProject section */

/* Begin PBXResourcesBuildPhase section */
		9E5F3E4C22CEB768007BAFA9 /* Resources */ = {
			isa = PBXResourcesBuildPhase;
			buildActionMask = 2147483647;
			files = (
				9E5F3E5C22CEB76B007BAFA9 /* LaunchScreen.storyboard in Resources */,
				9E5F3E5922CEB76B007BAFA9 /* Assets.xcassets in Resources */,
			);
			runOnlyForDeploymentPostprocessing = 0;
		};
		9E5F3E6022CEB76B007BAFA9 /* Resources */ = {
			isa = PBXResourcesBuildPhase;
			buildActionMask = 2147483647;
			files = (
			);
			runOnlyForDeploymentPostprocessing = 0;
		};
		9E5F3E6B22CEB76B007BAFA9 /* Resources */ = {
			isa = PBXResourcesBuildPhase;
			buildActionMask = 2147483647;
			files = (
			);
			runOnlyForDeploymentPostprocessing = 0;
		};
/* End PBXResourcesBuildPhase section */

/* Begin PBXShellScriptBuildPhase section */
		0CF399281D74DFA4A200FFAF /* [CP] Check Pods Manifest.lock */ = {
			isa = PBXShellScriptBuildPhase;
			buildActionMask = 2147483647;
			files = (
			);
			inputFileListPaths = (
			);
			inputPaths = (
				"${PODS_PODFILE_DIR_PATH}/Podfile.lock",
				"${PODS_ROOT}/Manifest.lock",
			);
			name = "[CP] Check Pods Manifest.lock";
			outputFileListPaths = (
			);
			outputPaths = (
				"$(DERIVED_FILE_DIR)/Pods-LastFMAPITestUITests-checkManifestLockResult.txt",
			);
			runOnlyForDeploymentPostprocessing = 0;
			shellPath = /bin/sh;
			shellScript = "diff \"${PODS_PODFILE_DIR_PATH}/Podfile.lock\" \"${PODS_ROOT}/Manifest.lock\" > /dev/null\nif [ $? != 0 ] ; then\n    # print error to STDERR\n    echo \"error: The sandbox is not in sync with the Podfile.lock. Run 'pod install' or update your CocoaPods installation.\" >&2\n    exit 1\nfi\n# This output is used by Xcode 'outputs' to avoid re-running this script phase.\necho \"SUCCESS\" > \"${SCRIPT_OUTPUT_FILE_0}\"\n";
			showEnvVarsInLog = 0;
		};
		112D3D09ADC0AA3ABDA72460 /* [CP] Embed Pods Frameworks */ = {
			isa = PBXShellScriptBuildPhase;
			buildActionMask = 2147483647;
			files = (
			);
			inputFileListPaths = (
			);
			inputPaths = (
				"${PODS_ROOT}/Target Support Files/Pods-LastFMAPITest/Pods-LastFMAPITest-frameworks.sh",
				"${BUILT_PRODUCTS_DIR}/Alamofire/Alamofire.framework",
				"${BUILT_PRODUCTS_DIR}/AlamofireImage/AlamofireImage.framework",
				"${BUILT_PRODUCTS_DIR}/AlamofireNetworkActivityLogger/AlamofireNetworkActivityLogger.framework",
				"${BUILT_PRODUCTS_DIR}/CocoaLumberjack/CocoaLumberjack.framework",
				"${BUILT_PRODUCTS_DIR}/EmptyDataSet-Swift/EmptyDataSet_Swift.framework",
				"${BUILT_PRODUCTS_DIR}/RxAtomic/RxAtomic.framework",
				"${BUILT_PRODUCTS_DIR}/RxCocoa/RxCocoa.framework",
				"${BUILT_PRODUCTS_DIR}/RxSwift/RxSwift.framework",
				"${BUILT_PRODUCTS_DIR}/SVProgressHUD/SVProgressHUD.framework",
				"${BUILT_PRODUCTS_DIR}/Swinject/Swinject.framework",
			);
			name = "[CP] Embed Pods Frameworks";
			outputFileListPaths = (
			);
			outputPaths = (
				"${TARGET_BUILD_DIR}/${FRAMEWORKS_FOLDER_PATH}/Alamofire.framework",
				"${TARGET_BUILD_DIR}/${FRAMEWORKS_FOLDER_PATH}/AlamofireImage.framework",
				"${TARGET_BUILD_DIR}/${FRAMEWORKS_FOLDER_PATH}/AlamofireNetworkActivityLogger.framework",
				"${TARGET_BUILD_DIR}/${FRAMEWORKS_FOLDER_PATH}/CocoaLumberjack.framework",
				"${TARGET_BUILD_DIR}/${FRAMEWORKS_FOLDER_PATH}/EmptyDataSet_Swift.framework",
				"${TARGET_BUILD_DIR}/${FRAMEWORKS_FOLDER_PATH}/RxAtomic.framework",
				"${TARGET_BUILD_DIR}/${FRAMEWORKS_FOLDER_PATH}/RxCocoa.framework",
				"${TARGET_BUILD_DIR}/${FRAMEWORKS_FOLDER_PATH}/RxSwift.framework",
				"${TARGET_BUILD_DIR}/${FRAMEWORKS_FOLDER_PATH}/SVProgressHUD.framework",
				"${TARGET_BUILD_DIR}/${FRAMEWORKS_FOLDER_PATH}/Swinject.framework",
			);
			runOnlyForDeploymentPostprocessing = 0;
			shellPath = /bin/sh;
			shellScript = "\"${PODS_ROOT}/Target Support Files/Pods-LastFMAPITest/Pods-LastFMAPITest-frameworks.sh\"\n";
			showEnvVarsInLog = 0;
		};
		A15C5F3974591C6CBCF074F1 /* [CP] Check Pods Manifest.lock */ = {
			isa = PBXShellScriptBuildPhase;
			buildActionMask = 2147483647;
			files = (
			);
			inputFileListPaths = (
			);
			inputPaths = (
				"${PODS_PODFILE_DIR_PATH}/Podfile.lock",
				"${PODS_ROOT}/Manifest.lock",
			);
			name = "[CP] Check Pods Manifest.lock";
			outputFileListPaths = (
			);
			outputPaths = (
				"$(DERIVED_FILE_DIR)/Pods-LastFMAPITestTests-checkManifestLockResult.txt",
			);
			runOnlyForDeploymentPostprocessing = 0;
			shellPath = /bin/sh;
			shellScript = "diff \"${PODS_PODFILE_DIR_PATH}/Podfile.lock\" \"${PODS_ROOT}/Manifest.lock\" > /dev/null\nif [ $? != 0 ] ; then\n    # print error to STDERR\n    echo \"error: The sandbox is not in sync with the Podfile.lock. Run 'pod install' or update your CocoaPods installation.\" >&2\n    exit 1\nfi\n# This output is used by Xcode 'outputs' to avoid re-running this script phase.\necho \"SUCCESS\" > \"${SCRIPT_OUTPUT_FILE_0}\"\n";
			showEnvVarsInLog = 0;
		};
		E8F6F3D4FE2D882D650C8EFC /* [CP] Check Pods Manifest.lock */ = {
			isa = PBXShellScriptBuildPhase;
			buildActionMask = 2147483647;
			files = (
			);
			inputFileListPaths = (
			);
			inputPaths = (
				"${PODS_PODFILE_DIR_PATH}/Podfile.lock",
				"${PODS_ROOT}/Manifest.lock",
			);
			name = "[CP] Check Pods Manifest.lock";
			outputFileListPaths = (
			);
			outputPaths = (
				"$(DERIVED_FILE_DIR)/Pods-LastFMAPITest-checkManifestLockResult.txt",
			);
			runOnlyForDeploymentPostprocessing = 0;
			shellPath = /bin/sh;
			shellScript = "diff \"${PODS_PODFILE_DIR_PATH}/Podfile.lock\" \"${PODS_ROOT}/Manifest.lock\" > /dev/null\nif [ $? != 0 ] ; then\n    # print error to STDERR\n    echo \"error: The sandbox is not in sync with the Podfile.lock. Run 'pod install' or update your CocoaPods installation.\" >&2\n    exit 1\nfi\n# This output is used by Xcode 'outputs' to avoid re-running this script phase.\necho \"SUCCESS\" > \"${SCRIPT_OUTPUT_FILE_0}\"\n";
			showEnvVarsInLog = 0;
		};
/* End PBXShellScriptBuildPhase section */

/* Begin PBXSourcesBuildPhase section */
		9E5F3E4A22CEB768007BAFA9 /* Sources */ = {
			isa = PBXSourcesBuildPhase;
			buildActionMask = 2147483647;
			files = (
				9E5F3EA122CEBE01007BAFA9 /* LTFMScrollView.swift in Sources */,
				FB01B3DB22CFF27300D6217C /* LTFMCollectionViewLayout.swift in Sources */,
				9E5F3EAF22CEBF9C007BAFA9 /* AlbumListViewController.swift in Sources */,
				FB01B3DE22CFF2B100D6217C /* AlbumCollectionView.swift in Sources */,
				FB01B3E522CFF35800D6217C /* AlbumsConstants.swift in Sources */,
				9E5F3EAB22CEBEB3007BAFA9 /* LTFMLabel.swift in Sources */,
				9E5F3EC022CEC4B2007BAFA9 /* LastFMAPI.swift in Sources */,
				FB0A626E22D18A2300D37371 /* wikiData.swift in Sources */,
				9E5F3E9522CEBC68007BAFA9 /* LTFMViewModel.swift in Sources */,
				9E5F3EB122CEBFAE007BAFA9 /* AlbumListViewModel.swift in Sources */,
				FB01B3F322D0202E00D6217C /* Albums.swift in Sources */,
				FB01B3E022CFF2D200D6217C /* AlbumCollectionViewLayout.swift in Sources */,
				9E5F3E9722CEBD81007BAFA9 /* LTFMWindow.swift in Sources */,
				FB0A627022D18EBA00D37371 /* LTFMViewController+ActivityIndicator.swift in Sources */,
				FB01B3EB22D0115E00D6217C /* Image.swift in Sources */,
				FB11A20622D16C9700B53825 /* AlbumDetailService.swift in Sources */,
				9E5F3EB622CEC27E007BAFA9 /* LTFMService.swift in Sources */,
				FB11A20822D16CD500B53825 /* AlbumDetailResponse.swift in Sources */,
				9E5F3EB822CEC333007BAFA9 /* AlbumListService.swift in Sources */,
				9E5F3EA522CEBE40007BAFA9 /* UIView+Constraints.swift in Sources */,
				9E5F3E9B22CEBDAF007BAFA9 /* LTFMCollectionViewCell.swift in Sources */,
				FB11A20422D16AC300B53825 /* AlbumDetailViewModel.swift in Sources */,
				FB01B3F122D01FF900D6217C /* AlbumListResponse.swift in Sources */,
				9E5F3EBE22CEC49E007BAFA9 /* Endpoint.swift in Sources */,
				FB01B3E722CFFA3E00D6217C /* AlbumCellViewModel.swift in Sources */,
				FB01B3D522CFF05200D6217C /* AppDelegateHelper.swift in Sources */,
				9E5F3EBC22CEC492007BAFA9 /* AlamofireHTTPClient.swift in Sources */,
				9E5F3EC322CEC529007BAFA9 /* Album.swift in Sources */,
				9E5F3E8222CEB986007BAFA9 /* Navigation.swift in Sources */,
				FB01B3E922D0115000D6217C /* Artist.swift in Sources */,
				9E5F3E9122CEBC1B007BAFA9 /* LTFMViewController.swift in Sources */,
				9E5F3EAD22CEBEBE007BAFA9 /* LTFMLightLabel.swift in Sources */,
				FB11A21222D187F900B53825 /* TracksData.swift in Sources */,
				9E5F3EA722CEBE8E007BAFA9 /* LTFMButton.swift in Sources */,
				9E5F3E9F22CEBDE4007BAFA9 /* LTFMImageView.swift in Sources */,
				9E5F3EA322CEBE20007BAFA9 /* LTFMView.swift in Sources */,
				FB01B3E222CFF32500D6217C /* AlbumCollectionViewCell.swift in Sources */,
				FB11A20222D1695600B53825 /* AlbumDetailViewController.swift in Sources */,
				FB11A20A22D1862600B53825 /* AlbumDetail.swift in Sources */,
				9E5F3E9322CEBC39007BAFA9 /* LTFMNavigationController.swift in Sources */,
				9E5F3E9922CEBD99007BAFA9 /* LTFMCollectionView.swift in Sources */,
				9E5F3E8022CEB97B007BAFA9 /* Application.swift in Sources */,
				9E5F3E5222CEB768007BAFA9 /* AppDelegate.swift in Sources */,
				9E5F3EA922CEBEA4007BAFA9 /* LTFMHeavyLabel.swift in Sources */,
				FB11A21122D187F900B53825 /* Track.swift in Sources */,
			);
			runOnlyForDeploymentPostprocessing = 0;
		};
		9E5F3E5E22CEB76B007BAFA9 /* Sources */ = {
			isa = PBXSourcesBuildPhase;
			buildActionMask = 2147483647;
			files = (
				9E5F3E6722CEB76B007BAFA9 /* LastFMAPITestTests.swift in Sources */,
			);
			runOnlyForDeploymentPostprocessing = 0;
		};
		9E5F3E6922CEB76B007BAFA9 /* Sources */ = {
			isa = PBXSourcesBuildPhase;
			buildActionMask = 2147483647;
			files = (
				9E5F3E7222CEB76B007BAFA9 /* LastFMAPITestUITests.swift in Sources */,
			);
			runOnlyForDeploymentPostprocessing = 0;
		};
/* End PBXSourcesBuildPhase section */

/* Begin PBXTargetDependency section */
		9E5F3E6422CEB76B007BAFA9 /* PBXTargetDependency */ = {
			isa = PBXTargetDependency;
			target = 9E5F3E4D22CEB768007BAFA9 /* LastFMAPITest */;
			targetProxy = 9E5F3E6322CEB76B007BAFA9 /* PBXContainerItemProxy */;
		};
		9E5F3E6F22CEB76B007BAFA9 /* PBXTargetDependency */ = {
			isa = PBXTargetDependency;
			target = 9E5F3E4D22CEB768007BAFA9 /* LastFMAPITest */;
			targetProxy = 9E5F3E6E22CEB76B007BAFA9 /* PBXContainerItemProxy */;
		};
/* End PBXTargetDependency section */

/* Begin PBXVariantGroup section */
		9E5F3E5A22CEB76B007BAFA9 /* LaunchScreen.storyboard */ = {
			isa = PBXVariantGroup;
			children = (
				9E5F3E5B22CEB76B007BAFA9 /* Base */,
			);
			name = LaunchScreen.storyboard;
			sourceTree = "<group>";
		};
/* End PBXVariantGroup section */

/* Begin XCBuildConfiguration section */
		9E5F3E7422CEB76B007BAFA9 /* Debug */ = {
			isa = XCBuildConfiguration;
			buildSettings = {
				ALWAYS_SEARCH_USER_PATHS = NO;
				CLANG_ANALYZER_NONNULL = YES;
				CLANG_ANALYZER_NUMBER_OBJECT_CONVERSION = YES_AGGRESSIVE;
				CLANG_CXX_LANGUAGE_STANDARD = "gnu++14";
				CLANG_CXX_LIBRARY = "libc++";
				CLANG_ENABLE_MODULES = YES;
				CLANG_ENABLE_OBJC_ARC = YES;
				CLANG_ENABLE_OBJC_WEAK = YES;
				CLANG_WARN_BLOCK_CAPTURE_AUTORELEASING = YES;
				CLANG_WARN_BOOL_CONVERSION = YES;
				CLANG_WARN_COMMA = YES;
				CLANG_WARN_CONSTANT_CONVERSION = YES;
				CLANG_WARN_DEPRECATED_OBJC_IMPLEMENTATIONS = YES;
				CLANG_WARN_DIRECT_OBJC_ISA_USAGE = YES_ERROR;
				CLANG_WARN_DOCUMENTATION_COMMENTS = YES;
				CLANG_WARN_EMPTY_BODY = YES;
				CLANG_WARN_ENUM_CONVERSION = YES;
				CLANG_WARN_INFINITE_RECURSION = YES;
				CLANG_WARN_INT_CONVERSION = YES;
				CLANG_WARN_NON_LITERAL_NULL_CONVERSION = YES;
				CLANG_WARN_OBJC_IMPLICIT_RETAIN_SELF = YES;
				CLANG_WARN_OBJC_LITERAL_CONVERSION = YES;
				CLANG_WARN_OBJC_ROOT_CLASS = YES_ERROR;
				CLANG_WARN_RANGE_LOOP_ANALYSIS = YES;
				CLANG_WARN_STRICT_PROTOTYPES = YES;
				CLANG_WARN_SUSPICIOUS_MOVE = YES;
				CLANG_WARN_UNGUARDED_AVAILABILITY = YES_AGGRESSIVE;
				CLANG_WARN_UNREACHABLE_CODE = YES;
				CLANG_WARN__DUPLICATE_METHOD_MATCH = YES;
				CODE_SIGN_IDENTITY = "iPhone Developer";
				COPY_PHASE_STRIP = NO;
				DEBUG_INFORMATION_FORMAT = dwarf;
				ENABLE_STRICT_OBJC_MSGSEND = YES;
				ENABLE_TESTABILITY = YES;
				GCC_C_LANGUAGE_STANDARD = gnu11;
				GCC_DYNAMIC_NO_PIC = NO;
				GCC_NO_COMMON_BLOCKS = YES;
				GCC_OPTIMIZATION_LEVEL = 0;
				GCC_PREPROCESSOR_DEFINITIONS = (
					"DEBUG=1",
					"$(inherited)",
				);
				GCC_WARN_64_TO_32_BIT_CONVERSION = YES;
				GCC_WARN_ABOUT_RETURN_TYPE = YES_ERROR;
				GCC_WARN_UNDECLARED_SELECTOR = YES;
				GCC_WARN_UNINITIALIZED_AUTOS = YES_AGGRESSIVE;
				GCC_WARN_UNUSED_FUNCTION = YES;
				GCC_WARN_UNUSED_VARIABLE = YES;
				IPHONEOS_DEPLOYMENT_TARGET = 12.2;
				MTL_ENABLE_DEBUG_INFO = INCLUDE_SOURCE;
				MTL_FAST_MATH = YES;
				ONLY_ACTIVE_ARCH = YES;
				SDKROOT = iphoneos;
				SWIFT_ACTIVE_COMPILATION_CONDITIONS = DEBUG;
				SWIFT_OPTIMIZATION_LEVEL = "-Onone";
			};
			name = Debug;
		};
		9E5F3E7522CEB76B007BAFA9 /* Release */ = {
			isa = XCBuildConfiguration;
			buildSettings = {
				ALWAYS_SEARCH_USER_PATHS = NO;
				CLANG_ANALYZER_NONNULL = YES;
				CLANG_ANALYZER_NUMBER_OBJECT_CONVERSION = YES_AGGRESSIVE;
				CLANG_CXX_LANGUAGE_STANDARD = "gnu++14";
				CLANG_CXX_LIBRARY = "libc++";
				CLANG_ENABLE_MODULES = YES;
				CLANG_ENABLE_OBJC_ARC = YES;
				CLANG_ENABLE_OBJC_WEAK = YES;
				CLANG_WARN_BLOCK_CAPTURE_AUTORELEASING = YES;
				CLANG_WARN_BOOL_CONVERSION = YES;
				CLANG_WARN_COMMA = YES;
				CLANG_WARN_CONSTANT_CONVERSION = YES;
				CLANG_WARN_DEPRECATED_OBJC_IMPLEMENTATIONS = YES;
				CLANG_WARN_DIRECT_OBJC_ISA_USAGE = YES_ERROR;
				CLANG_WARN_DOCUMENTATION_COMMENTS = YES;
				CLANG_WARN_EMPTY_BODY = YES;
				CLANG_WARN_ENUM_CONVERSION = YES;
				CLANG_WARN_INFINITE_RECURSION = YES;
				CLANG_WARN_INT_CONVERSION = YES;
				CLANG_WARN_NON_LITERAL_NULL_CONVERSION = YES;
				CLANG_WARN_OBJC_IMPLICIT_RETAIN_SELF = YES;
				CLANG_WARN_OBJC_LITERAL_CONVERSION = YES;
				CLANG_WARN_OBJC_ROOT_CLASS = YES_ERROR;
				CLANG_WARN_RANGE_LOOP_ANALYSIS = YES;
				CLANG_WARN_STRICT_PROTOTYPES = YES;
				CLANG_WARN_SUSPICIOUS_MOVE = YES;
				CLANG_WARN_UNGUARDED_AVAILABILITY = YES_AGGRESSIVE;
				CLANG_WARN_UNREACHABLE_CODE = YES;
				CLANG_WARN__DUPLICATE_METHOD_MATCH = YES;
				CODE_SIGN_IDENTITY = "iPhone Developer";
				COPY_PHASE_STRIP = NO;
				DEBUG_INFORMATION_FORMAT = "dwarf-with-dsym";
				ENABLE_NS_ASSERTIONS = NO;
				ENABLE_STRICT_OBJC_MSGSEND = YES;
				GCC_C_LANGUAGE_STANDARD = gnu11;
				GCC_NO_COMMON_BLOCKS = YES;
				GCC_WARN_64_TO_32_BIT_CONVERSION = YES;
				GCC_WARN_ABOUT_RETURN_TYPE = YES_ERROR;
				GCC_WARN_UNDECLARED_SELECTOR = YES;
				GCC_WARN_UNINITIALIZED_AUTOS = YES_AGGRESSIVE;
				GCC_WARN_UNUSED_FUNCTION = YES;
				GCC_WARN_UNUSED_VARIABLE = YES;
				IPHONEOS_DEPLOYMENT_TARGET = 12.2;
				MTL_ENABLE_DEBUG_INFO = NO;
				MTL_FAST_MATH = YES;
				SDKROOT = iphoneos;
				SWIFT_COMPILATION_MODE = wholemodule;
				SWIFT_OPTIMIZATION_LEVEL = "-O";
				VALIDATE_PRODUCT = YES;
			};
			name = Release;
		};
		9E5F3E7722CEB76B007BAFA9 /* Debug */ = {
			isa = XCBuildConfiguration;
			baseConfigurationReference = F56681D6B5323C37E86D00E5 /* Pods-LastFMAPITest.debug.xcconfig */;
			buildSettings = {
				ASSETCATALOG_COMPILER_APPICON_NAME = AppIcon;
				CODE_SIGN_STYLE = Automatic;
				DEVELOPMENT_TEAM = W4ZH3N445U;
				INFOPLIST_FILE = LastFMAPITest/Info.plist;
				LD_RUNPATH_SEARCH_PATHS = (
					"$(inherited)",
					"@executable_path/Frameworks",
				);
				PRODUCT_BUNDLE_IDENTIFIER = com.ozgunzor.LastFMAPITest;
				PRODUCT_NAME = "$(TARGET_NAME)";
				SWIFT_VERSION = 5.0;
				TARGETED_DEVICE_FAMILY = "1,2";
			};
			name = Debug;
		};
		9E5F3E7822CEB76B007BAFA9 /* Release */ = {
			isa = XCBuildConfiguration;
			baseConfigurationReference = D293E1C97A658EA4F55799D6 /* Pods-LastFMAPITest.release.xcconfig */;
			buildSettings = {
				ASSETCATALOG_COMPILER_APPICON_NAME = AppIcon;
				CODE_SIGN_STYLE = Automatic;
				DEVELOPMENT_TEAM = W4ZH3N445U;
				INFOPLIST_FILE = LastFMAPITest/Info.plist;
				LD_RUNPATH_SEARCH_PATHS = (
					"$(inherited)",
					"@executable_path/Frameworks",
				);
				PRODUCT_BUNDLE_IDENTIFIER = com.ozgunzor.LastFMAPITest;
				PRODUCT_NAME = "$(TARGET_NAME)";
				SWIFT_VERSION = 5.0;
				TARGETED_DEVICE_FAMILY = "1,2";
			};
			name = Release;
		};
		9E5F3E7A22CEB76B007BAFA9 /* Debug */ = {
			isa = XCBuildConfiguration;
			baseConfigurationReference = D7718F8934E8011618228C9C /* Pods-LastFMAPITestTests.debug.xcconfig */;
			buildSettings = {
				ALWAYS_EMBED_SWIFT_STANDARD_LIBRARIES = YES;
				BUNDLE_LOADER = "$(TEST_HOST)";
				CODE_SIGN_STYLE = Automatic;
				DEVELOPMENT_TEAM = W4ZH3N445U;
				INFOPLIST_FILE = LastFMAPITestTests/Info.plist;
				LD_RUNPATH_SEARCH_PATHS = (
					"$(inherited)",
					"@executable_path/Frameworks",
					"@loader_path/Frameworks",
				);
				PRODUCT_BUNDLE_IDENTIFIER = com.ozgunzor.LastFMAPITestTests;
				PRODUCT_NAME = "$(TARGET_NAME)";
				SWIFT_VERSION = 5.0;
				TARGETED_DEVICE_FAMILY = "1,2";
				TEST_HOST = "$(BUILT_PRODUCTS_DIR)/LastFMAPITest.app/LastFMAPITest";
			};
			name = Debug;
		};
		9E5F3E7B22CEB76B007BAFA9 /* Release */ = {
			isa = XCBuildConfiguration;
			baseConfigurationReference = 148D38CFD7876400DDDECE88 /* Pods-LastFMAPITestTests.release.xcconfig */;
			buildSettings = {
				ALWAYS_EMBED_SWIFT_STANDARD_LIBRARIES = YES;
				BUNDLE_LOADER = "$(TEST_HOST)";
				CODE_SIGN_STYLE = Automatic;
				DEVELOPMENT_TEAM = W4ZH3N445U;
				INFOPLIST_FILE = LastFMAPITestTests/Info.plist;
				LD_RUNPATH_SEARCH_PATHS = (
					"$(inherited)",
					"@executable_path/Frameworks",
					"@loader_path/Frameworks",
				);
				PRODUCT_BUNDLE_IDENTIFIER = com.ozgunzor.LastFMAPITestTests;
				PRODUCT_NAME = "$(TARGET_NAME)";
				SWIFT_VERSION = 5.0;
				TARGETED_DEVICE_FAMILY = "1,2";
				TEST_HOST = "$(BUILT_PRODUCTS_DIR)/LastFMAPITest.app/LastFMAPITest";
			};
			name = Release;
		};
		9E5F3E7D22CEB76B007BAFA9 /* Debug */ = {
			isa = XCBuildConfiguration;
			baseConfigurationReference = BCAF378B24DB7A7FD25BA1A4 /* Pods-LastFMAPITestUITests.debug.xcconfig */;
			buildSettings = {
				ALWAYS_EMBED_SWIFT_STANDARD_LIBRARIES = YES;
				CODE_SIGN_STYLE = Automatic;
				DEVELOPMENT_TEAM = W4ZH3N445U;
				INFOPLIST_FILE = LastFMAPITestUITests/Info.plist;
				LD_RUNPATH_SEARCH_PATHS = (
					"$(inherited)",
					"@executable_path/Frameworks",
					"@loader_path/Frameworks",
				);
				PRODUCT_BUNDLE_IDENTIFIER = com.ozgunzor.LastFMAPITestUITests;
				PRODUCT_NAME = "$(TARGET_NAME)";
				SWIFT_VERSION = 5.0;
				TARGETED_DEVICE_FAMILY = "1,2";
				TEST_TARGET_NAME = LastFMAPITest;
			};
			name = Debug;
		};
		9E5F3E7E22CEB76B007BAFA9 /* Release */ = {
			isa = XCBuildConfiguration;
			baseConfigurationReference = 25BE64D62A9D86943AB01C5C /* Pods-LastFMAPITestUITests.release.xcconfig */;
			buildSettings = {
				ALWAYS_EMBED_SWIFT_STANDARD_LIBRARIES = YES;
				CODE_SIGN_STYLE = Automatic;
				DEVELOPMENT_TEAM = W4ZH3N445U;
				INFOPLIST_FILE = LastFMAPITestUITests/Info.plist;
				LD_RUNPATH_SEARCH_PATHS = (
					"$(inherited)",
					"@executable_path/Frameworks",
					"@loader_path/Frameworks",
				);
				PRODUCT_BUNDLE_IDENTIFIER = com.ozgunzor.LastFMAPITestUITests;
				PRODUCT_NAME = "$(TARGET_NAME)";
				SWIFT_VERSION = 5.0;
				TARGETED_DEVICE_FAMILY = "1,2";
				TEST_TARGET_NAME = LastFMAPITest;
			};
			name = Release;
		};
/* End XCBuildConfiguration section */

/* Begin XCConfigurationList section */
		9E5F3E4922CEB768007BAFA9 /* Build configuration list for PBXProject "LastFMAPITest" */ = {
			isa = XCConfigurationList;
			buildConfigurations = (
				9E5F3E7422CEB76B007BAFA9 /* Debug */,
				9E5F3E7522CEB76B007BAFA9 /* Release */,
			);
			defaultConfigurationIsVisible = 0;
			defaultConfigurationName = Release;
		};
		9E5F3E7622CEB76B007BAFA9 /* Build configuration list for PBXNativeTarget "LastFMAPITest" */ = {
			isa = XCConfigurationList;
			buildConfigurations = (
				9E5F3E7722CEB76B007BAFA9 /* Debug */,
				9E5F3E7822CEB76B007BAFA9 /* Release */,
			);
			defaultConfigurationIsVisible = 0;
			defaultConfigurationName = Release;
		};
		9E5F3E7922CEB76B007BAFA9 /* Build configuration list for PBXNativeTarget "LastFMAPITestTests" */ = {
			isa = XCConfigurationList;
			buildConfigurations = (
				9E5F3E7A22CEB76B007BAFA9 /* Debug */,
				9E5F3E7B22CEB76B007BAFA9 /* Release */,
			);
			defaultConfigurationIsVisible = 0;
			defaultConfigurationName = Release;
		};
		9E5F3E7C22CEB76B007BAFA9 /* Build configuration list for PBXNativeTarget "LastFMAPITestUITests" */ = {
			isa = XCConfigurationList;
			buildConfigurations = (
				9E5F3E7D22CEB76B007BAFA9 /* Debug */,
				9E5F3E7E22CEB76B007BAFA9 /* Release */,
			);
			defaultConfigurationIsVisible = 0;
			defaultConfigurationName = Release;
		};
/* End XCConfigurationList section */
	};
	rootObject = 9E5F3E4622CEB768007BAFA9 /* Project object */;
}
